
Microsoft Visual Studio Solution File, Format Version 12.00
# Visual Studio Version 17
VisualStudioVersion = 17.12.35521.163
MinimumVisualStudioVersion = 10.0.40219.1
Project("{FAE04EC0-301F-11D3-BF4B-00C04F79EFBC}") = "WebAPI", "WebAPI\WebAPI.csproj", "{DAD7073D-3A0E-477D-B833-D7DC5F57A9D3}"
EndProject
Project("{FAE04EC0-301F-11D3-BF4B-00C04F79EFBC}") = "UnitTests", "UnitTests\UnitTests.csproj", "{2164197E-9122-43A9-806F-E59E1813804A}"
EndProject
Global
	GlobalSection(SolutionConfigurationPlatforms) = preSolution
		Debug|Any CPU = Debug|Any CPU
		Release|Any CPU = Release|Any CPU
	EndGlobalSection
	GlobalSection(ProjectConfigurationPlatforms) = postSolution
		{DAD7073D-3A0E-477D-B833-D7DC5F57A9D3}.Debug|Any CPU.ActiveCfg = Debug|Any CPU
		{DAD7073D-3A0E-477D-B833-D7DC5F57A9D3}.Debug|Any CPU.Build.0 = Debug|Any CPU
		{DAD7073D-3A0E-477D-B833-D7DC5F57A9D3}.Release|Any CPU.ActiveCfg = Release|Any CPU
		{DAD7073D-3A0E-477D-B833-D7DC5F57A9D3}.Release|Any CPU.Build.0 = Release|Any CPU
		{2164197E-9122-43A9-806F-E59E1813804A}.Debug|Any CPU.ActiveCfg = Debug|Any CPU
		{2164197E-9122-43A9-806F-E59E1813804A}.Debug|Any CPU.Build.0 = Debug|Any CPU
		{2164197E-9122-43A9-806F-E59E1813804A}.Release|Any CPU.ActiveCfg = Release|Any CPU
		{2164197E-9122-43A9-806F-E59E1813804A}.Release|Any CPU.Build.0 = Release|Any CPU
	EndGlobalSection
	GlobalSection(SolutionProperties) = preSolution
		HideSolutionNode = FALSE
	EndGlobalSection
EndGlobal
